// !$*UTF8*$!
{
	archiveVersion = 1;
	classes = {
	};
	objectVersion = 56;
	objects = {

/* Begin PBXBuildFile section */
		241A577D2C85937900232D8B /* SwiftUITransitionNetworkPracticeApp.swift in Sources */ = {isa = PBXBuildFile; fileRef = 241A577C2C85937900232D8B /* SwiftUITransitionNetworkPracticeApp.swift */; };
		241A577F2C85937900232D8B /* ContentView.swift in Sources */ = {isa = PBXBuildFile; fileRef = 241A577E2C85937900232D8B /* ContentView.swift */; };
		241A57812C85937B00232D8B /* Assets.xcassets in Resources */ = {isa = PBXBuildFile; fileRef = 241A57802C85937B00232D8B /* Assets.xcassets */; };
		241A57842C85937B00232D8B /* Preview Assets.xcassets in Resources */ = {isa = PBXBuildFile; fileRef = 241A57832C85937B00232D8B /* Preview Assets.xcassets */; };
		241A578B2C85938900232D8B /* .gitignore in Resources */ = {isa = PBXBuildFile; fileRef = 241A578A2C85938900232D8B /* .gitignore */; };
		241A578F2C85943700232D8B /* OnboardingView.swift in Sources */ = {isa = PBXBuildFile; fileRef = 241A578E2C85943700232D8B /* OnboardingView.swift */; };
		241A57922C85965C00232D8B /* BlueRadiusText.swift in Sources */ = {isa = PBXBuildFile; fileRef = 241A57912C85965C00232D8B /* BlueRadiusText.swift */; };
		241A57952C8596B600232D8B /* ProfileSettingView.swift in Sources */ = {isa = PBXBuildFile; fileRef = 241A57942C8596B600232D8B /* ProfileSettingView.swift */; };
		241A57972C8596BF00232D8B /* ImageSettingView.swift in Sources */ = {isa = PBXBuildFile; fileRef = 241A57962C8596BF00232D8B /* ImageSettingView.swift */; };
		241A57992C8596F300232D8B /* CompleteView.swift in Sources */ = {isa = PBXBuildFile; fileRef = 241A57982C8596F300232D8B /* CompleteView.swift */; };
		241A579E2C85AD9400232D8B /* MBTIButton.swift in Sources */ = {isa = PBXBuildFile; fileRef = 241A579D2C85AD9400232D8B /* MBTIButton.swift */; };
		241A57A12C85B92500232D8B /* ImageAsset.swift in Sources */ = {isa = PBXBuildFile; fileRef = 241A57A02C85B92500232D8B /* ImageAsset.swift */; };
		241A57A32C85B9E900232D8B /* ProfileImageView.swift in Sources */ = {isa = PBXBuildFile; fileRef = 241A57A22C85B9E900232D8B /* ProfileImageView.swift */; };
		241A57A52C85BD2200232D8B /* ProfileImageButton.swift in Sources */ = {isa = PBXBuildFile; fileRef = 241A57A42C85BD2200232D8B /* ProfileImageButton.swift */; };
		241A57A82C85BDD000232D8B /* SearchView.swift in Sources */ = {isa = PBXBuildFile; fileRef = 241A57A72C85BDD000232D8B /* SearchView.swift */; };
		241A57E42C87253300232D8B /* UpbitAPI.swift in Sources */ = {isa = PBXBuildFile; fileRef = 241A57E32C87253300232D8B /* UpbitAPI.swift */; };
		241A57E62C87254600232D8B /* Market.swift in Sources */ = {isa = PBXBuildFile; fileRef = 241A57E52C87254600232D8B /* Market.swift */; };
		241A57EF2C886E8600232D8B /* RandomImageView.swift in Sources */ = {isa = PBXBuildFile; fileRef = 241A57EE2C886E8600232D8B /* RandomImageView.swift */; };
		241A57F12C88733F00232D8B /* DetailRandomImageView.swift in Sources */ = {isa = PBXBuildFile; fileRef = 241A57F02C88733F00232D8B /* DetailRandomImageView.swift */; };
/* End PBXBuildFile section */

/* Begin PBXFileReference section */
		241A57792C85937900232D8B /* SwiftUITransitionNetworkPractice.app */ = {isa = PBXFileReference; explicitFileType = wrapper.application; includeInIndex = 0; path = SwiftUITransitionNetworkPractice.app; sourceTree = BUILT_PRODUCTS_DIR; };
		241A577C2C85937900232D8B /* SwiftUITransitionNetworkPracticeApp.swift */ = {isa = PBXFileReference; lastKnownFileType = sourcecode.swift; path = SwiftUITransitionNetworkPracticeApp.swift; sourceTree = "<group>"; };
		241A577E2C85937900232D8B /* ContentView.swift */ = {isa = PBXFileReference; lastKnownFileType = sourcecode.swift; path = ContentView.swift; sourceTree = "<group>"; };
		241A57802C85937B00232D8B /* Assets.xcassets */ = {isa = PBXFileReference; lastKnownFileType = folder.assetcatalog; path = Assets.xcassets; sourceTree = "<group>"; };
		241A57832C85937B00232D8B /* Preview Assets.xcassets */ = {isa = PBXFileReference; lastKnownFileType = folder.assetcatalog; path = "Preview Assets.xcassets"; sourceTree = "<group>"; };
		241A578A2C85938900232D8B /* .gitignore */ = {isa = PBXFileReference; lastKnownFileType = text; path = .gitignore; sourceTree = "<group>"; };
		241A578E2C85943700232D8B /* OnboardingView.swift */ = {isa = PBXFileReference; lastKnownFileType = sourcecode.swift; path = OnboardingView.swift; sourceTree = "<group>"; };
		241A57912C85965C00232D8B /* BlueRadiusText.swift */ = {isa = PBXFileReference; lastKnownFileType = sourcecode.swift; path = BlueRadiusText.swift; sourceTree = "<group>"; };
		241A57942C8596B600232D8B /* ProfileSettingView.swift */ = {isa = PBXFileReference; lastKnownFileType = sourcecode.swift; path = ProfileSettingView.swift; sourceTree = "<group>"; };
		241A57962C8596BF00232D8B /* ImageSettingView.swift */ = {isa = PBXFileReference; lastKnownFileType = sourcecode.swift; path = ImageSettingView.swift; sourceTree = "<group>"; };
		241A57982C8596F300232D8B /* CompleteView.swift */ = {isa = PBXFileReference; lastKnownFileType = sourcecode.swift; path = CompleteView.swift; sourceTree = "<group>"; };
		241A579D2C85AD9400232D8B /* MBTIButton.swift */ = {isa = PBXFileReference; lastKnownFileType = sourcecode.swift; path = MBTIButton.swift; sourceTree = "<group>"; };
		241A57A02C85B92500232D8B /* ImageAsset.swift */ = {isa = PBXFileReference; lastKnownFileType = sourcecode.swift; path = ImageAsset.swift; sourceTree = "<group>"; };
		241A57A22C85B9E900232D8B /* ProfileImageView.swift */ = {isa = PBXFileReference; lastKnownFileType = sourcecode.swift; path = ProfileImageView.swift; sourceTree = "<group>"; };
		241A57A42C85BD2200232D8B /* ProfileImageButton.swift */ = {isa = PBXFileReference; lastKnownFileType = sourcecode.swift; path = ProfileImageButton.swift; sourceTree = "<group>"; };
		241A57A72C85BDD000232D8B /* SearchView.swift */ = {isa = PBXFileReference; lastKnownFileType = sourcecode.swift; path = SearchView.swift; sourceTree = "<group>"; };
		241A57E32C87253300232D8B /* UpbitAPI.swift */ = {isa = PBXFileReference; lastKnownFileType = sourcecode.swift; path = UpbitAPI.swift; sourceTree = "<group>"; };
		241A57E52C87254600232D8B /* Market.swift */ = {isa = PBXFileReference; lastKnownFileType = sourcecode.swift; path = Market.swift; sourceTree = "<group>"; };
		241A57EE2C886E8600232D8B /* RandomImageView.swift */ = {isa = PBXFileReference; lastKnownFileType = sourcecode.swift; path = RandomImageView.swift; sourceTree = "<group>"; };
		241A57F02C88733F00232D8B /* DetailRandomImageView.swift */ = {isa = PBXFileReference; lastKnownFileType = sourcecode.swift; path = DetailRandomImageView.swift; sourceTree = "<group>"; };
/* End PBXFileReference section */

/* Begin PBXFrameworksBuildPhase section */
		241A57762C85937900232D8B /* Frameworks */ = {
			isa = PBXFrameworksBuildPhase;
			buildActionMask = 2147483647;
			files = (
			);
			runOnlyForDeploymentPostprocessing = 0;
		};
/* End PBXFrameworksBuildPhase section */

/* Begin PBXGroup section */
		241A57702C85937900232D8B = {
			isa = PBXGroup;
			children = (
				241A578A2C85938900232D8B /* .gitignore */,
				241A577B2C85937900232D8B /* SwiftUITransitionNetworkPractice */,
				241A577A2C85937900232D8B /* Products */,
			);
			sourceTree = "<group>";
		};
		241A577A2C85937900232D8B /* Products */ = {
			isa = PBXGroup;
			children = (
				241A57792C85937900232D8B /* SwiftUITransitionNetworkPractice.app */,
			);
			name = Products;
			sourceTree = "<group>";
		};
		241A577B2C85937900232D8B /* SwiftUITransitionNetworkPractice */ = {
			isa = PBXGroup;
			children = (
				241A577C2C85937900232D8B /* SwiftUITransitionNetworkPracticeApp.swift */,
				241A577E2C85937900232D8B /* ContentView.swift */,
				241A579F2C85B92000232D8B /* Design */,
				241A57902C85964E00232D8B /* CustomView */,
				241A57932C85969300232D8B /* Recap */,
				241A57A62C85BDC800232D8B /* Search */,
				241A57ED2C886E6F00232D8B /* RandomImage */,
				241A57802C85937B00232D8B /* Assets.xcassets */,
				241A57822C85937B00232D8B /* Preview Content */,
			);
			path = SwiftUITransitionNetworkPractice;
			sourceTree = "<group>";
		};
		241A57822C85937B00232D8B /* Preview Content */ = {
			isa = PBXGroup;
			children = (
				241A57832C85937B00232D8B /* Preview Assets.xcassets */,
			);
			path = "Preview Content";
			sourceTree = "<group>";
		};
		241A57902C85964E00232D8B /* CustomView */ = {
			isa = PBXGroup;
			children = (
				241A57912C85965C00232D8B /* BlueRadiusText.swift */,
				241A579D2C85AD9400232D8B /* MBTIButton.swift */,
				241A57A22C85B9E900232D8B /* ProfileImageView.swift */,
				241A57A42C85BD2200232D8B /* ProfileImageButton.swift */,
			);
			path = CustomView;
			sourceTree = "<group>";
		};
		241A57932C85969300232D8B /* Recap */ = {
			isa = PBXGroup;
			children = (
				241A578E2C85943700232D8B /* OnboardingView.swift */,
				241A57942C8596B600232D8B /* ProfileSettingView.swift */,
				241A57962C8596BF00232D8B /* ImageSettingView.swift */,
				241A57982C8596F300232D8B /* CompleteView.swift */,
			);
			path = Recap;
			sourceTree = "<group>";
		};
		241A579F2C85B92000232D8B /* Design */ = {
			isa = PBXGroup;
			children = (
				241A57A02C85B92500232D8B /* ImageAsset.swift */,
			);
			path = Design;
			sourceTree = "<group>";
		};
		241A57A62C85BDC800232D8B /* Search */ = {
			isa = PBXGroup;
			children = (
				241A57E52C87254600232D8B /* Market.swift */,
				241A57E32C87253300232D8B /* UpbitAPI.swift */,
				241A57A72C85BDD000232D8B /* SearchView.swift */,
			);
			path = Search;
			sourceTree = "<group>";
		};
		241A57ED2C886E6F00232D8B /* RandomImage */ = {
			isa = PBXGroup;
			children = (
				241A57EE2C886E8600232D8B /* RandomImageView.swift */,
				241A57F02C88733F00232D8B /* DetailRandomImageView.swift */,
			);
			path = RandomImage;
			sourceTree = "<group>";
		};
/* End PBXGroup section */

/* Begin PBXNativeTarget section */
		241A57782C85937900232D8B /* SwiftUITransitionNetworkPractice */ = {
			isa = PBXNativeTarget;
			buildConfigurationList = 241A57872C85937B00232D8B /* Build configuration list for PBXNativeTarget "SwiftUITransitionNetworkPractice" */;
			buildPhases = (
				241A57752C85937900232D8B /* Sources */,
				241A57762C85937900232D8B /* Frameworks */,
				241A57772C85937900232D8B /* Resources */,
			);
			buildRules = (
			);
			dependencies = (
			);
			name = SwiftUITransitionNetworkPractice;
			productName = SwiftUITransitionNetworkPractice;
			productReference = 241A57792C85937900232D8B /* SwiftUITransitionNetworkPractice.app */;
			productType = "com.apple.product-type.application";
		};
/* End PBXNativeTarget section */

/* Begin PBXProject section */
		241A57712C85937900232D8B /* Project object */ = {
			isa = PBXProject;
			attributes = {
				BuildIndependentTargetsInParallel = 1;
				LastSwiftUpdateCheck = 1540;
				LastUpgradeCheck = 1540;
				TargetAttributes = {
					241A57782C85937900232D8B = {
						CreatedOnToolsVersion = 15.4;
					};
				};
			};
			buildConfigurationList = 241A57742C85937900232D8B /* Build configuration list for PBXProject "SwiftUITransitionNetworkPractice" */;
			compatibilityVersion = "Xcode 14.0";
			developmentRegion = en;
			hasScannedForEncodings = 0;
			knownRegions = (
				en,
				Base,
			);
			mainGroup = 241A57702C85937900232D8B;
			productRefGroup = 241A577A2C85937900232D8B /* Products */;
			projectDirPath = "";
			projectRoot = "";
			targets = (
				241A57782C85937900232D8B /* SwiftUITransitionNetworkPractice */,
			);
		};
/* End PBXProject section */

/* Begin PBXResourcesBuildPhase section */
		241A57772C85937900232D8B /* Resources */ = {
			isa = PBXResourcesBuildPhase;
			buildActionMask = 2147483647;
			files = (
				241A57842C85937B00232D8B /* Preview Assets.xcassets in Resources */,
				241A578B2C85938900232D8B /* .gitignore in Resources */,
				241A57812C85937B00232D8B /* Assets.xcassets in Resources */,
			);
			runOnlyForDeploymentPostprocessing = 0;
		};
/* End PBXResourcesBuildPhase section */

/* Begin PBXSourcesBuildPhase section */
		241A57752C85937900232D8B /* Sources */ = {
			isa = PBXSourcesBuildPhase;
			buildActionMask = 2147483647;
			files = (
				241A57E42C87253300232D8B /* UpbitAPI.swift in Sources */,
				241A57A12C85B92500232D8B /* ImageAsset.swift in Sources */,
				241A579E2C85AD9400232D8B /* MBTIButton.swift in Sources */,
				241A578F2C85943700232D8B /* OnboardingView.swift in Sources */,
				241A57992C8596F300232D8B /* CompleteView.swift in Sources */,
				241A57A82C85BDD000232D8B /* SearchView.swift in Sources */,
				241A57972C8596BF00232D8B /* ImageSettingView.swift in Sources */,
				241A57922C85965C00232D8B /* BlueRadiusText.swift in Sources */,
				241A57F12C88733F00232D8B /* DetailRandomImageView.swift in Sources */,
				241A57EF2C886E8600232D8B /* RandomImageView.swift in Sources */,
				241A57A32C85B9E900232D8B /* ProfileImageView.swift in Sources */,
				241A57E62C87254600232D8B /* Market.swift in Sources */,
				241A577F2C85937900232D8B /* ContentView.swift in Sources */,
				241A577D2C85937900232D8B /* SwiftUITransitionNetworkPracticeApp.swift in Sources */,
				241A57952C8596B600232D8B /* ProfileSettingView.swift in Sources */,
				241A57A52C85BD2200232D8B /* ProfileImageButton.swift in Sources */,
			);
			runOnlyForDeploymentPostprocessing = 0;
		};
/* End PBXSourcesBuildPhase section */

/* Begin XCBuildConfiguration section */
		241A57852C85937B00232D8B /* Debug */ = {
			isa = XCBuildConfiguration;
			buildSettings = {
				ALWAYS_SEARCH_USER_PATHS = NO;
				ASSETCATALOG_COMPILER_GENERATE_SWIFT_ASSET_SYMBOL_EXTENSIONS = YES;
				CLANG_ANALYZER_NONNULL = YES;
				CLANG_ANALYZER_NUMBER_OBJECT_CONVERSION = YES_AGGRESSIVE;
				CLANG_CXX_LANGUAGE_STANDARD = "gnu++20";
				CLANG_ENABLE_MODULES = YES;
				CLANG_ENABLE_OBJC_ARC = YES;
				CLANG_ENABLE_OBJC_WEAK = YES;
				CLANG_WARN_BLOCK_CAPTURE_AUTORELEASING = YES;
				CLANG_WARN_BOOL_CONVERSION = YES;
				CLANG_WARN_COMMA = YES;
				CLANG_WARN_CONSTANT_CONVERSION = YES;
				CLANG_WARN_DEPRECATED_OBJC_IMPLEMENTATIONS = YES;
				CLANG_WARN_DIRECT_OBJC_ISA_USAGE = YES_ERROR;
				CLANG_WARN_DOCUMENTATION_COMMENTS = YES;
				CLANG_WARN_EMPTY_BODY = YES;
				CLANG_WARN_ENUM_CONVERSION = YES;
				CLANG_WARN_INFINITE_RECURSION = YES;
				CLANG_WARN_INT_CONVERSION = YES;
				CLANG_WARN_NON_LITERAL_NULL_CONVERSION = YES;
				CLANG_WARN_OBJC_IMPLICIT_RETAIN_SELF = YES;
				CLANG_WARN_OBJC_LITERAL_CONVERSION = YES;
				CLANG_WARN_OBJC_ROOT_CLASS = YES_ERROR;
				CLANG_WARN_QUOTED_INCLUDE_IN_FRAMEWORK_HEADER = YES;
				CLANG_WARN_RANGE_LOOP_ANALYSIS = YES;
				CLANG_WARN_STRICT_PROTOTYPES = YES;
				CLANG_WARN_SUSPICIOUS_MOVE = YES;
				CLANG_WARN_UNGUARDED_AVAILABILITY = YES_AGGRESSIVE;
				CLANG_WARN_UNREACHABLE_CODE = YES;
				CLANG_WARN__DUPLICATE_METHOD_MATCH = YES;
				COPY_PHASE_STRIP = NO;
				DEBUG_INFORMATION_FORMAT = dwarf;
				ENABLE_STRICT_OBJC_MSGSEND = YES;
				ENABLE_TESTABILITY = YES;
				ENABLE_USER_SCRIPT_SANDBOXING = YES;
				GCC_C_LANGUAGE_STANDARD = gnu17;
				GCC_DYNAMIC_NO_PIC = NO;
				GCC_NO_COMMON_BLOCKS = YES;
				GCC_OPTIMIZATION_LEVEL = 0;
				GCC_PREPROCESSOR_DEFINITIONS = (
					"DEBUG=1",
					"$(inherited)",
				);
				GCC_WARN_64_TO_32_BIT_CONVERSION = YES;
				GCC_WARN_ABOUT_RETURN_TYPE = YES_ERROR;
				GCC_WARN_UNDECLARED_SELECTOR = YES;
				GCC_WARN_UNINITIALIZED_AUTOS = YES_AGGRESSIVE;
				GCC_WARN_UNUSED_FUNCTION = YES;
				GCC_WARN_UNUSED_VARIABLE = YES;
				IPHONEOS_DEPLOYMENT_TARGET = 17.5;
				LOCALIZATION_PREFERS_STRING_CATALOGS = YES;
				MTL_ENABLE_DEBUG_INFO = INCLUDE_SOURCE;
				MTL_FAST_MATH = YES;
				ONLY_ACTIVE_ARCH = YES;
				SDKROOT = iphoneos;
				SWIFT_ACTIVE_COMPILATION_CONDITIONS = "DEBUG $(inherited)";
				SWIFT_OPTIMIZATION_LEVEL = "-Onone";
			};
			name = Debug;
		};
		241A57862C85937B00232D8B /* Release */ = {
			isa = XCBuildConfiguration;
			buildSettings = {
				ALWAYS_SEARCH_USER_PATHS = NO;
				ASSETCATALOG_COMPILER_GENERATE_SWIFT_ASSET_SYMBOL_EXTENSIONS = YES;
				CLANG_ANALYZER_NONNULL = YES;
				CLANG_ANALYZER_NUMBER_OBJECT_CONVERSION = YES_AGGRESSIVE;
				CLANG_CXX_LANGUAGE_STANDARD = "gnu++20";
				CLANG_ENABLE_MODULES = YES;
				CLANG_ENABLE_OBJC_ARC = YES;
				CLANG_ENABLE_OBJC_WEAK = YES;
				CLANG_WARN_BLOCK_CAPTURE_AUTORELEASING = YES;
				CLANG_WARN_BOOL_CONVERSION = YES;
				CLANG_WARN_COMMA = YES;
				CLANG_WARN_CONSTANT_CONVERSION = YES;
				CLANG_WARN_DEPRECATED_OBJC_IMPLEMENTATIONS = YES;
				CLANG_WARN_DIRECT_OBJC_ISA_USAGE = YES_ERROR;
				CLANG_WARN_DOCUMENTATION_COMMENTS = YES;
				CLANG_WARN_EMPTY_BODY = YES;
				CLANG_WARN_ENUM_CONVERSION = YES;
				CLANG_WARN_INFINITE_RECURSION = YES;
				CLANG_WARN_INT_CONVERSION = YES;
				CLANG_WARN_NON_LITERAL_NULL_CONVERSION = YES;
				CLANG_WARN_OBJC_IMPLICIT_RETAIN_SELF = YES;
				CLANG_WARN_OBJC_LITERAL_CONVERSION = YES;
				CLANG_WARN_OBJC_ROOT_CLASS = YES_ERROR;
				CLANG_WARN_QUOTED_INCLUDE_IN_FRAMEWORK_HEADER = YES;
				CLANG_WARN_RANGE_LOOP_ANALYSIS = YES;
				CLANG_WARN_STRICT_PROTOTYPES = YES;
				CLANG_WARN_SUSPICIOUS_MOVE = YES;
				CLANG_WARN_UNGUARDED_AVAILABILITY = YES_AGGRESSIVE;
				CLANG_WARN_UNREACHABLE_CODE = YES;
				CLANG_WARN__DUPLICATE_METHOD_MATCH = YES;
				COPY_PHASE_STRIP = NO;
				DEBUG_INFORMATION_FORMAT = "dwarf-with-dsym";
				ENABLE_NS_ASSERTIONS = NO;
				ENABLE_STRICT_OBJC_MSGSEND = YES;
				ENABLE_USER_SCRIPT_SANDBOXING = YES;
				GCC_C_LANGUAGE_STANDARD = gnu17;
				GCC_NO_COMMON_BLOCKS = YES;
				GCC_WARN_64_TO_32_BIT_CONVERSION = YES;
				GCC_WARN_ABOUT_RETURN_TYPE = YES_ERROR;
				GCC_WARN_UNDECLARED_SELECTOR = YES;
				GCC_WARN_UNINITIALIZED_AUTOS = YES_AGGRESSIVE;
				GCC_WARN_UNUSED_FUNCTION = YES;
				GCC_WARN_UNUSED_VARIABLE = YES;
				IPHONEOS_DEPLOYMENT_TARGET = 17.5;
				LOCALIZATION_PREFERS_STRING_CATALOGS = YES;
				MTL_ENABLE_DEBUG_INFO = NO;
				MTL_FAST_MATH = YES;
				SDKROOT = iphoneos;
				SWIFT_COMPILATION_MODE = wholemodule;
				VALIDATE_PRODUCT = YES;
			};
			name = Release;
		};
		241A57882C85937B00232D8B /* Debug */ = {
			isa = XCBuildConfiguration;
			buildSettings = {
				ASSETCATALOG_COMPILER_APPICON_NAME = AppIcon;
				ASSETCATALOG_COMPILER_GLOBAL_ACCENT_COLOR_NAME = AccentColor;
				CODE_SIGN_STYLE = Automatic;
				CURRENT_PROJECT_VERSION = 1;
				DEVELOPMENT_ASSET_PATHS = "\"SwiftUITransitionNetworkPractice/Preview Content\"";
				DEVELOPMENT_TEAM = Z6H2JVV9PA;
				ENABLE_PREVIEWS = YES;
				GENERATE_INFOPLIST_FILE = YES;
				INFOPLIST_KEY_UIApplicationSceneManifest_Generation = YES;
				INFOPLIST_KEY_UIApplicationSupportsIndirectInputEvents = YES;
				INFOPLIST_KEY_UILaunchScreen_Generation = YES;
				INFOPLIST_KEY_UISupportedInterfaceOrientations_iPad = "UIInterfaceOrientationPortrait UIInterfaceOrientationPortraitUpsideDown UIInterfaceOrientationLandscapeLeft UIInterfaceOrientationLandscapeRight";
				INFOPLIST_KEY_UISupportedInterfaceOrientations_iPhone = "UIInterfaceOrientationPortrait UIInterfaceOrientationLandscapeLeft UIInterfaceOrientationLandscapeRight";
				LD_RUNPATH_SEARCH_PATHS = (
					"$(inherited)",
					"@executable_path/Frameworks",
				);
				MARKETING_VERSION = 1.0;
				PRODUCT_BUNDLE_IDENTIFIER = com.ksm.SwiftUITransitionNetworkPractice;
				PRODUCT_NAME = "$(TARGET_NAME)";
				SWIFT_EMIT_LOC_STRINGS = YES;
				SWIFT_VERSION = 5.0;
				TARGETED_DEVICE_FAMILY = "1,2";
			};
			name = Debug;
		};
		241A57892C85937B00232D8B /* Release */ = {
			isa = XCBuildConfiguration;
			buildSettings = {
				ASSETCATALOG_COMPILER_APPICON_NAME = AppIcon;
				ASSETCATALOG_COMPILER_GLOBAL_ACCENT_COLOR_NAME = AccentColor;
				CODE_SIGN_STYLE = Automatic;
				CURRENT_PROJECT_VERSION = 1;
				DEVELOPMENT_ASSET_PATHS = "\"SwiftUITransitionNetworkPractice/Preview Content\"";
				DEVELOPMENT_TEAM = Z6H2JVV9PA;
				ENABLE_PREVIEWS = YES;
				GENERATE_INFOPLIST_FILE = YES;
				INFOPLIST_KEY_UIApplicationSceneManifest_Generation = YES;
				INFOPLIST_KEY_UIApplicationSupportsIndirectInputEvents = YES;
				INFOPLIST_KEY_UILaunchScreen_Generation = YES;
				INFOPLIST_KEY_UISupportedInterfaceOrientations_iPad = "UIInterfaceOrientationPortrait UIInterfaceOrientationPortraitUpsideDown UIInterfaceOrientationLandscapeLeft UIInterfaceOrientationLandscapeRight";
				INFOPLIST_KEY_UISupportedInterfaceOrientations_iPhone = "UIInterfaceOrientationPortrait UIInterfaceOrientationLandscapeLeft UIInterfaceOrientationLandscapeRight";
				LD_RUNPATH_SEARCH_PATHS = (
					"$(inherited)",
					"@executable_path/Frameworks",
				);
				MARKETING_VERSION = 1.0;
				PRODUCT_BUNDLE_IDENTIFIER = com.ksm.SwiftUITransitionNetworkPractice;
				PRODUCT_NAME = "$(TARGET_NAME)";
				SWIFT_EMIT_LOC_STRINGS = YES;
				SWIFT_VERSION = 5.0;
				TARGETED_DEVICE_FAMILY = "1,2";
			};
			name = Release;
		};
/* End XCBuildConfiguration section */

/* Begin XCConfigurationList section */
		241A57742C85937900232D8B /* Build configuration list for PBXProject "SwiftUITransitionNetworkPractice" */ = {
			isa = XCConfigurationList;
			buildConfigurations = (
				241A57852C85937B00232D8B /* Debug */,
				241A57862C85937B00232D8B /* Release */,
			);
			defaultConfigurationIsVisible = 0;
			defaultConfigurationName = Release;
		};
		241A57872C85937B00232D8B /* Build configuration list for PBXNativeTarget "SwiftUITransitionNetworkPractice" */ = {
			isa = XCConfigurationList;
			buildConfigurations = (
				241A57882C85937B00232D8B /* Debug */,
				241A57892C85937B00232D8B /* Release */,
			);
			defaultConfigurationIsVisible = 0;
			defaultConfigurationName = Release;
		};
/* End XCConfigurationList section */
	};
	rootObject = 241A57712C85937900232D8B /* Project object */;
}
